
Microsoft Visual Studio Solution File, Format Version 12.00
# Visual Studio Version 17
VisualStudioVersion = 17.4.33103.184
MinimumVisualStudioVersion = 10.0.40219.1
Project("{9A19103F-16F7-4668-BE54-9A1E7A4F7556}") = "clojure.tools.analyzer", "clojure.tools.analyzer.csproj", "{A2F25F49-41E8-489A-8245-1A848CAFB1D6}"
EndProject
Global
	GlobalSection(SolutionConfigurationPlatforms) = preSolution
		Debug|Any CPU = Debug|Any CPU
		Release|Any CPU = Release|Any CPU
	EndGlobalSection
	GlobalSection(ProjectConfigurationPlatforms) = postSolution
		{A2F25F49-41E8-489A-8245-1A848CAFB1D6}.Debug|Any CPU.ActiveCfg = Debug|Any CPU
		{A2F25F49-41E8-489A-8245-1A848CAFB1D6}.Debug|Any CPU.Build.0 = Debug|Any CPU
		{A2F25F49-41E8-489A-8245-1A848CAFB1D6}.Release|Any CPU.ActiveCfg = Release|Any CPU
		{A2F25F49-41E8-489A-8245-1A848CAFB1D6}.Release|Any CPU.Build.0 = Release|Any CPU
	EndGlobalSection
	GlobalSection(SolutionProperties) = preSolution
		HideSolutionNode = FALSE
	EndGlobalSection
	GlobalSection(ExtensibilityGlobals) = postSolution
		SolutionGuid = {C8D02027-FB8B-46F2-BCC1-E9B29C8744F2}
	EndGlobalSection
EndGlobal
